// !$*UTF8*$!
{
	archiveVersion = 1;
	classes = {
	};
	objectVersion = 56;
	objects = {

/* Begin PBXBuildFile section */
		4704F53C2C7C27F5007B63E7 /* Color.swift in Sources */ = {isa = PBXBuildFile; fileRef = 4704F53B2C7C27F5007B63E7 /* Color.swift */; };
		4704F53E2C7C57B1007B63E7 /* NewsContentView.swift in Sources */ = {isa = PBXBuildFile; fileRef = 4704F53D2C7C57B1007B63E7 /* NewsContentView.swift */; };
		475981292C778ABD00C22FC5 /* secret.swift in Sources */ = {isa = PBXBuildFile; fileRef = 475981282C778ABD00C22FC5 /* secret.swift */; };
		475981302C778B2700C22FC5 /* SplashView.swift in Sources */ = {isa = PBXBuildFile; fileRef = 4759812F2C778B2700C22FC5 /* SplashView.swift */; };
		475981332C778B3A00C22FC5 /* BasicTabView.swift in Sources */ = {isa = PBXBuildFile; fileRef = 475981322C778B3A00C22FC5 /* BasicTabView.swift */; };
		477347CE2C7AF2200023B88C /* HeadlineViewModel.swift in Sources */ = {isa = PBXBuildFile; fileRef = 477347CD2C7AF2200023B88C /* HeadlineViewModel.swift */; };
		477347D32C7B47240023B88C /* NewsTitleView.swift in Sources */ = {isa = PBXBuildFile; fileRef = 477347D22C7B47240023B88C /* NewsTitleView.swift */; };
		477347D52C7B877D0023B88C /* Constants.swift in Sources */ = {isa = PBXBuildFile; fileRef = 477347D42C7B877D0023B88C /* Constants.swift */; };
		47A304D02C78869E00854303 /* Font+.swift in Sources */ = {isa = PBXBuildFile; fileRef = 47A304CF2C78869E00854303 /* Font+.swift */; };
		47A304D32C78876500854303 /* HeadlineView.swift in Sources */ = {isa = PBXBuildFile; fileRef = 47A304D22C78876500854303 /* HeadlineView.swift */; };
		47A304D52C78877800854303 /* SearchView.swift in Sources */ = {isa = PBXBuildFile; fileRef = 47A304D42C78877800854303 /* SearchView.swift */; };
		47A304D72C78879700854303 /* SourceView.swift in Sources */ = {isa = PBXBuildFile; fileRef = 47A304D62C78879700854303 /* SourceView.swift */; };
		47A304D92C788B6800854303 /* DTOs.swift in Sources */ = {isa = PBXBuildFile; fileRef = 47A304D82C788B6800854303 /* DTOs.swift */; };
		47A304DC2C79EE7000854303 /* NetworkManager.swift in Sources */ = {isa = PBXBuildFile; fileRef = 47A304DB2C79EE7000854303 /* NetworkManager.swift */; };
		47A304E32C7A442800854303 /* JSONDecoder+.swift in Sources */ = {isa = PBXBuildFile; fileRef = 47A304E22C7A442800854303 /* JSONDecoder+.swift */; };
		47A304E52C7A45F900854303 /* Models.swift in Sources */ = {isa = PBXBuildFile; fileRef = 47A304E42C7A45F900854303 /* Models.swift */; };
		47BF69C12C7789E200AF8725 /* NewsAppApp.swift in Sources */ = {isa = PBXBuildFile; fileRef = 47BF69C02C7789E200AF8725 /* NewsAppApp.swift */; };
		47BF69C52C7789E300AF8725 /* Assets.xcassets in Resources */ = {isa = PBXBuildFile; fileRef = 47BF69C42C7789E300AF8725 /* Assets.xcassets */; };
		47BF69C82C7789E300AF8725 /* Preview Assets.xcassets in Resources */ = {isa = PBXBuildFile; fileRef = 47BF69C72C7789E300AF8725 /* Preview Assets.xcassets */; };
		47BF69D22C7789E300AF8725 /* NewsAppTests.swift in Sources */ = {isa = PBXBuildFile; fileRef = 47BF69D12C7789E300AF8725 /* NewsAppTests.swift */; };
		47BF69DC2C7789E300AF8725 /* NewsAppUITests.swift in Sources */ = {isa = PBXBuildFile; fileRef = 47BF69DB2C7789E300AF8725 /* NewsAppUITests.swift */; };
		47BF69DE2C7789E300AF8725 /* NewsAppUITestsLaunchTests.swift in Sources */ = {isa = PBXBuildFile; fileRef = 47BF69DD2C7789E300AF8725 /* NewsAppUITestsLaunchTests.swift */; };
/* End PBXBuildFile section */

/* Begin PBXContainerItemProxy section */
		47BF69CE2C7789E300AF8725 /* PBXContainerItemProxy */ = {
			isa = PBXContainerItemProxy;
			containerPortal = 47BF69B52C7789E200AF8725 /* Project object */;
			proxyType = 1;
			remoteGlobalIDString = 47BF69BC2C7789E200AF8725;
			remoteInfo = NewsApp;
		};
		47BF69D82C7789E300AF8725 /* PBXContainerItemProxy */ = {
			isa = PBXContainerItemProxy;
			containerPortal = 47BF69B52C7789E200AF8725 /* Project object */;
			proxyType = 1;
			remoteGlobalIDString = 47BF69BC2C7789E200AF8725;
			remoteInfo = NewsApp;
		};
/* End PBXContainerItemProxy section */

/* Begin PBXFileReference section */
		4704F53B2C7C27F5007B63E7 /* Color.swift */ = {isa = PBXFileReference; lastKnownFileType = sourcecode.swift; path = Color.swift; sourceTree = "<group>"; };
		4704F53D2C7C57B1007B63E7 /* NewsContentView.swift */ = {isa = PBXFileReference; lastKnownFileType = sourcecode.swift; path = NewsContentView.swift; sourceTree = "<group>"; };
		475981282C778ABD00C22FC5 /* secret.swift */ = {isa = PBXFileReference; lastKnownFileType = sourcecode.swift; path = secret.swift; sourceTree = "<group>"; };
		4759812F2C778B2700C22FC5 /* SplashView.swift */ = {isa = PBXFileReference; lastKnownFileType = sourcecode.swift; path = SplashView.swift; sourceTree = "<group>"; };
		475981322C778B3A00C22FC5 /* BasicTabView.swift */ = {isa = PBXFileReference; lastKnownFileType = sourcecode.swift; path = BasicTabView.swift; sourceTree = "<group>"; };
		477347CD2C7AF2200023B88C /* HeadlineViewModel.swift */ = {isa = PBXFileReference; lastKnownFileType = sourcecode.swift; path = HeadlineViewModel.swift; sourceTree = "<group>"; };
		477347D22C7B47240023B88C /* NewsTitleView.swift */ = {isa = PBXFileReference; lastKnownFileType = sourcecode.swift; path = NewsTitleView.swift; sourceTree = "<group>"; };
		477347D42C7B877D0023B88C /* Constants.swift */ = {isa = PBXFileReference; lastKnownFileType = sourcecode.swift; path = Constants.swift; sourceTree = "<group>"; };
		47A304C62C78868200854303 /* Pretendard-ExtraBold.otf */ = {isa = PBXFileReference; lastKnownFileType = file; path = "Pretendard-ExtraBold.otf"; sourceTree = "<group>"; };
		47A304C72C78868200854303 /* Pretendard-Bold.otf */ = {isa = PBXFileReference; lastKnownFileType = file; path = "Pretendard-Bold.otf"; sourceTree = "<group>"; };
		47A304C82C78868200854303 /* Pretendard-Regular.otf */ = {isa = PBXFileReference; lastKnownFileType = file; path = "Pretendard-Regular.otf"; sourceTree = "<group>"; };
		47A304C92C78868300854303 /* Pretendard-Light.otf */ = {isa = PBXFileReference; lastKnownFileType = file; path = "Pretendard-Light.otf"; sourceTree = "<group>"; };
		47A304CA2C78868300854303 /* Pretendard-Black.otf */ = {isa = PBXFileReference; lastKnownFileType = file; path = "Pretendard-Black.otf"; sourceTree = "<group>"; };
		47A304CB2C78868300854303 /* Pretendard-Medium.otf */ = {isa = PBXFileReference; lastKnownFileType = file; path = "Pretendard-Medium.otf"; sourceTree = "<group>"; };
		47A304CC2C78868300854303 /* Pretendard-Thin.otf */ = {isa = PBXFileReference; lastKnownFileType = file; path = "Pretendard-Thin.otf"; sourceTree = "<group>"; };
		47A304CD2C78868300854303 /* Pretendard-ExtraLight.otf */ = {isa = PBXFileReference; lastKnownFileType = file; path = "Pretendard-ExtraLight.otf"; sourceTree = "<group>"; };
		47A304CE2C78868300854303 /* Pretendard-SemiBold.otf */ = {isa = PBXFileReference; lastKnownFileType = file; path = "Pretendard-SemiBold.otf"; sourceTree = "<group>"; };
		47A304CF2C78869E00854303 /* Font+.swift */ = {isa = PBXFileReference; lastKnownFileType = sourcecode.swift; path = "Font+.swift"; sourceTree = "<group>"; };
		47A304D12C78871500854303 /* Info.plist */ = {isa = PBXFileReference; lastKnownFileType = text.plist; path = Info.plist; sourceTree = "<group>"; };
		47A304D22C78876500854303 /* HeadlineView.swift */ = {isa = PBXFileReference; lastKnownFileType = sourcecode.swift; path = HeadlineView.swift; sourceTree = "<group>"; };
		47A304D42C78877800854303 /* SearchView.swift */ = {isa = PBXFileReference; lastKnownFileType = sourcecode.swift; path = SearchView.swift; sourceTree = "<group>"; };
		47A304D62C78879700854303 /* SourceView.swift */ = {isa = PBXFileReference; lastKnownFileType = sourcecode.swift; path = SourceView.swift; sourceTree = "<group>"; };
		47A304D82C788B6800854303 /* DTOs.swift */ = {isa = PBXFileReference; lastKnownFileType = sourcecode.swift; path = DTOs.swift; sourceTree = "<group>"; };
		47A304DB2C79EE7000854303 /* NetworkManager.swift */ = {isa = PBXFileReference; lastKnownFileType = sourcecode.swift; path = NetworkManager.swift; sourceTree = "<group>"; };
		47A304E22C7A442800854303 /* JSONDecoder+.swift */ = {isa = PBXFileReference; lastKnownFileType = sourcecode.swift; path = "JSONDecoder+.swift"; sourceTree = "<group>"; };
		47A304E42C7A45F900854303 /* Models.swift */ = {isa = PBXFileReference; lastKnownFileType = sourcecode.swift; path = Models.swift; sourceTree = "<group>"; };
		47BF69BD2C7789E200AF8725 /* NewsApp.app */ = {isa = PBXFileReference; explicitFileType = wrapper.application; includeInIndex = 0; path = NewsApp.app; sourceTree = BUILT_PRODUCTS_DIR; };
		47BF69C02C7789E200AF8725 /* NewsAppApp.swift */ = {isa = PBXFileReference; lastKnownFileType = sourcecode.swift; path = NewsAppApp.swift; sourceTree = "<group>"; };
		47BF69C42C7789E300AF8725 /* Assets.xcassets */ = {isa = PBXFileReference; lastKnownFileType = folder.assetcatalog; path = Assets.xcassets; sourceTree = "<group>"; };
		47BF69C72C7789E300AF8725 /* Preview Assets.xcassets */ = {isa = PBXFileReference; lastKnownFileType = folder.assetcatalog; path = "Preview Assets.xcassets"; sourceTree = "<group>"; };
		47BF69CD2C7789E300AF8725 /* NewsAppTests.xctest */ = {isa = PBXFileReference; explicitFileType = wrapper.cfbundle; includeInIndex = 0; path = NewsAppTests.xctest; sourceTree = BUILT_PRODUCTS_DIR; };
		47BF69D12C7789E300AF8725 /* NewsAppTests.swift */ = {isa = PBXFileReference; lastKnownFileType = sourcecode.swift; path = NewsAppTests.swift; sourceTree = "<group>"; };
		47BF69D72C7789E300AF8725 /* NewsAppUITests.xctest */ = {isa = PBXFileReference; explicitFileType = wrapper.cfbundle; includeInIndex = 0; path = NewsAppUITests.xctest; sourceTree = BUILT_PRODUCTS_DIR; };
		47BF69DB2C7789E300AF8725 /* NewsAppUITests.swift */ = {isa = PBXFileReference; lastKnownFileType = sourcecode.swift; path = NewsAppUITests.swift; sourceTree = "<group>"; };
		47BF69DD2C7789E300AF8725 /* NewsAppUITestsLaunchTests.swift */ = {isa = PBXFileReference; lastKnownFileType = sourcecode.swift; path = NewsAppUITestsLaunchTests.swift; sourceTree = "<group>"; };
/* End PBXFileReference section */

/* Begin PBXFrameworksBuildPhase section */
		47BF69BA2C7789E200AF8725 /* Frameworks */ = {
			isa = PBXFrameworksBuildPhase;
			buildActionMask = 2147483647;
			files = (
			);
			runOnlyForDeploymentPostprocessing = 0;
		};
		47BF69CA2C7789E300AF8725 /* Frameworks */ = {
			isa = PBXFrameworksBuildPhase;
			buildActionMask = 2147483647;
			files = (
			);
			runOnlyForDeploymentPostprocessing = 0;
		};
		47BF69D42C7789E300AF8725 /* Frameworks */ = {
			isa = PBXFrameworksBuildPhase;
			buildActionMask = 2147483647;
			files = (
			);
			runOnlyForDeploymentPostprocessing = 0;
		};
/* End PBXFrameworksBuildPhase section */

/* Begin PBXGroup section */
		475981272C778AB000C22FC5 /* Presentation */ = {
			isa = PBXGroup;
			children = (
				477347CF2C7B27360023B88C /* Components */,
				4759812E2C778AFE00C22FC5 /* Basic */,
				4759812D2C778AF500C22FC5 /* Headline */,
				4759812C2C778AF100C22FC5 /* Search */,
				4759812B2C778ADC00C22FC5 /* Source */,
			);
			path = Presentation;
			sourceTree = "<group>";
		};
		4759812A2C778AC700C22FC5 /* App */ = {
			isa = PBXGroup;
			children = (
				475981282C778ABD00C22FC5 /* secret.swift */,
				47BF69C02C7789E200AF8725 /* NewsAppApp.swift */,
			);
			path = App;
			sourceTree = "<group>";
		};
		4759812B2C778ADC00C22FC5 /* Source */ = {
			isa = PBXGroup;
			children = (
				47A304D62C78879700854303 /* SourceView.swift */,
			);
			path = Source;
			sourceTree = "<group>";
		};
		4759812C2C778AF100C22FC5 /* Search */ = {
			isa = PBXGroup;
			children = (
				47A304D42C78877800854303 /* SearchView.swift */,
			);
			path = Search;
			sourceTree = "<group>";
		};
		4759812D2C778AF500C22FC5 /* Headline */ = {
			isa = PBXGroup;
			children = (
				47A304D22C78876500854303 /* HeadlineView.swift */,
				477347CD2C7AF2200023B88C /* HeadlineViewModel.swift */,
			);
			path = Headline;
			sourceTree = "<group>";
		};
		4759812E2C778AFE00C22FC5 /* Basic */ = {
			isa = PBXGroup;
			children = (
				4759812F2C778B2700C22FC5 /* SplashView.swift */,
				475981322C778B3A00C22FC5 /* BasicTabView.swift */,
			);
			path = Basic;
			sourceTree = "<group>";
		};
		477347CF2C7B27360023B88C /* Components */ = {
			isa = PBXGroup;
			children = (
				477347D22C7B47240023B88C /* NewsTitleView.swift */,
				4704F53D2C7C57B1007B63E7 /* NewsContentView.swift */,
			);
			path = Components;
			sourceTree = "<group>";
		};
		47A304C32C78866000854303 /* Utils */ = {
			isa = PBXGroup;
			children = (
				47A304C42C78867100854303 /* Extensions */,
				477347D42C7B877D0023B88C /* Constants.swift */,
			);
			path = Utils;
			sourceTree = "<group>";
		};
		47A304C42C78867100854303 /* Extensions */ = {
			isa = PBXGroup;
			children = (
				47A304C52C78867900854303 /* Fonts */,
				47A304E22C7A442800854303 /* JSONDecoder+.swift */,
				4704F53B2C7C27F5007B63E7 /* Color.swift */,
			);
			path = Extensions;
			sourceTree = "<group>";
		};
		47A304C52C78867900854303 /* Fonts */ = {
			isa = PBXGroup;
			children = (
				47A304CF2C78869E00854303 /* Font+.swift */,
				47A304CA2C78868300854303 /* Pretendard-Black.otf */,
				47A304C72C78868200854303 /* Pretendard-Bold.otf */,
				47A304C62C78868200854303 /* Pretendard-ExtraBold.otf */,
				47A304CD2C78868300854303 /* Pretendard-ExtraLight.otf */,
				47A304C92C78868300854303 /* Pretendard-Light.otf */,
				47A304CB2C78868300854303 /* Pretendard-Medium.otf */,
				47A304C82C78868200854303 /* Pretendard-Regular.otf */,
				47A304CE2C78868300854303 /* Pretendard-SemiBold.otf */,
				47A304CC2C78868300854303 /* Pretendard-Thin.otf */,
			);
			path = Fonts;
			sourceTree = "<group>";
		};
		47A304DA2C79ED7B00854303 /* Data */ = {
			isa = PBXGroup;
			children = (
				47A304D82C788B6800854303 /* DTOs.swift */,
				47A304DB2C79EE7000854303 /* NetworkManager.swift */,
			);
			path = Data;
			sourceTree = "<group>";
		};
		47A304DD2C7A039600854303 /* Domain */ = {
			isa = PBXGroup;
			children = (
				47A304E42C7A45F900854303 /* Models.swift */,
			);
			path = Domain;
			sourceTree = "<group>";
		};
		47BF69B42C7789E200AF8725 = {
			isa = PBXGroup;
			children = (
				47BF69BF2C7789E200AF8725 /* NewsApp */,
				47BF69D02C7789E300AF8725 /* NewsAppTests */,
				47BF69DA2C7789E300AF8725 /* NewsAppUITests */,
				47BF69BE2C7789E200AF8725 /* Products */,
			);
			sourceTree = "<group>";
		};
		47BF69BE2C7789E200AF8725 /* Products */ = {
			isa = PBXGroup;
			children = (
				47BF69BD2C7789E200AF8725 /* NewsApp.app */,
				47BF69CD2C7789E300AF8725 /* NewsAppTests.xctest */,
				47BF69D72C7789E300AF8725 /* NewsAppUITests.xctest */,
			);
			name = Products;
			sourceTree = "<group>";
		};
		47BF69BF2C7789E200AF8725 /* NewsApp */ = {
			isa = PBXGroup;
			children = (
				47A304D12C78871500854303 /* Info.plist */,
				4759812A2C778AC700C22FC5 /* App */,
				47A304C32C78866000854303 /* Utils */,
				47A304DA2C79ED7B00854303 /* Data */,
				47A304DD2C7A039600854303 /* Domain */,
				475981272C778AB000C22FC5 /* Presentation */,
				47BF69C42C7789E300AF8725 /* Assets.xcassets */,
				47BF69C62C7789E300AF8725 /* Preview Content */,
			);
			path = NewsApp;
			sourceTree = "<group>";
		};
		47BF69C62C7789E300AF8725 /* Preview Content */ = {
			isa = PBXGroup;
			children = (
				47BF69C72C7789E300AF8725 /* Preview Assets.xcassets */,
			);
			path = "Preview Content";
			sourceTree = "<group>";
		};
		47BF69D02C7789E300AF8725 /* NewsAppTests */ = {
			isa = PBXGroup;
			children = (
				47BF69D12C7789E300AF8725 /* NewsAppTests.swift */,
			);
			path = NewsAppTests;
			sourceTree = "<group>";
		};
		47BF69DA2C7789E300AF8725 /* NewsAppUITests */ = {
			isa = PBXGroup;
			children = (
				47BF69DB2C7789E300AF8725 /* NewsAppUITests.swift */,
				47BF69DD2C7789E300AF8725 /* NewsAppUITestsLaunchTests.swift */,
			);
			path = NewsAppUITests;
			sourceTree = "<group>";
		};
/* End PBXGroup section */

/* Begin PBXNativeTarget section */
		47BF69BC2C7789E200AF8725 /* NewsApp */ = {
			isa = PBXNativeTarget;
			buildConfigurationList = 47BF69E12C7789E300AF8725 /* Build configuration list for PBXNativeTarget "NewsApp" */;
			buildPhases = (
				47BF69B92C7789E200AF8725 /* Sources */,
				47BF69BA2C7789E200AF8725 /* Frameworks */,
				47BF69BB2C7789E200AF8725 /* Resources */,
			);
			buildRules = (
			);
			dependencies = (
			);
			name = NewsApp;
			productName = NewsApp;
			productReference = 47BF69BD2C7789E200AF8725 /* NewsApp.app */;
			productType = "com.apple.product-type.application";
		};
		47BF69CC2C7789E300AF8725 /* NewsAppTests */ = {
			isa = PBXNativeTarget;
			buildConfigurationList = 47BF69E42C7789E300AF8725 /* Build configuration list for PBXNativeTarget "NewsAppTests" */;
			buildPhases = (
				47BF69C92C7789E300AF8725 /* Sources */,
				47BF69CA2C7789E300AF8725 /* Frameworks */,
				47BF69CB2C7789E300AF8725 /* Resources */,
			);
			buildRules = (
			);
			dependencies = (
				47BF69CF2C7789E300AF8725 /* PBXTargetDependency */,
			);
			name = NewsAppTests;
			productName = NewsAppTests;
			productReference = 47BF69CD2C7789E300AF8725 /* NewsAppTests.xctest */;
			productType = "com.apple.product-type.bundle.unit-test";
		};
		47BF69D62C7789E300AF8725 /* NewsAppUITests */ = {
			isa = PBXNativeTarget;
			buildConfigurationList = 47BF69E72C7789E300AF8725 /* Build configuration list for PBXNativeTarget "NewsAppUITests" */;
			buildPhases = (
				47BF69D32C7789E300AF8725 /* Sources */,
				47BF69D42C7789E300AF8725 /* Frameworks */,
				47BF69D52C7789E300AF8725 /* Resources */,
			);
			buildRules = (
			);
			dependencies = (
				47BF69D92C7789E300AF8725 /* PBXTargetDependency */,
			);
			name = NewsAppUITests;
			productName = NewsAppUITests;
			productReference = 47BF69D72C7789E300AF8725 /* NewsAppUITests.xctest */;
			productType = "com.apple.product-type.bundle.ui-testing";
		};
/* End PBXNativeTarget section */

/* Begin PBXProject section */
		47BF69B52C7789E200AF8725 /* Project object */ = {
			isa = PBXProject;
			attributes = {
				BuildIndependentTargetsInParallel = 1;
				LastSwiftUpdateCheck = 1540;
				LastUpgradeCheck = 1540;
				TargetAttributes = {
					47BF69BC2C7789E200AF8725 = {
						CreatedOnToolsVersion = 15.4;
					};
					47BF69CC2C7789E300AF8725 = {
						CreatedOnToolsVersion = 15.4;
						TestTargetID = 47BF69BC2C7789E200AF8725;
					};
					47BF69D62C7789E300AF8725 = {
						CreatedOnToolsVersion = 15.4;
						TestTargetID = 47BF69BC2C7789E200AF8725;
					};
				};
			};
			buildConfigurationList = 47BF69B82C7789E200AF8725 /* Build configuration list for PBXProject "NewsApp" */;
			compatibilityVersion = "Xcode 14.0";
			developmentRegion = en;
			hasScannedForEncodings = 0;
			knownRegions = (
				en,
				Base,
			);
			mainGroup = 47BF69B42C7789E200AF8725;
			productRefGroup = 47BF69BE2C7789E200AF8725 /* Products */;
			projectDirPath = "";
			projectRoot = "";
			targets = (
				47BF69BC2C7789E200AF8725 /* NewsApp */,
				47BF69CC2C7789E300AF8725 /* NewsAppTests */,
				47BF69D62C7789E300AF8725 /* NewsAppUITests */,
			);
		};
/* End PBXProject section */

/* Begin PBXResourcesBuildPhase section */
		47BF69BB2C7789E200AF8725 /* Resources */ = {
			isa = PBXResourcesBuildPhase;
			buildActionMask = 2147483647;
			files = (
				47BF69C82C7789E300AF8725 /* Preview Assets.xcassets in Resources */,
				47BF69C52C7789E300AF8725 /* Assets.xcassets in Resources */,
			);
			runOnlyForDeploymentPostprocessing = 0;
		};
		47BF69CB2C7789E300AF8725 /* Resources */ = {
			isa = PBXResourcesBuildPhase;
			buildActionMask = 2147483647;
			files = (
			);
			runOnlyForDeploymentPostprocessing = 0;
		};
		47BF69D52C7789E300AF8725 /* Resources */ = {
			isa = PBXResourcesBuildPhase;
			buildActionMask = 2147483647;
			files = (
			);
			runOnlyForDeploymentPostprocessing = 0;
		};
/* End PBXResourcesBuildPhase section */

/* Begin PBXSourcesBuildPhase section */
		47BF69B92C7789E200AF8725 /* Sources */ = {
			isa = PBXSourcesBuildPhase;
			buildActionMask = 2147483647;
			files = (
				477347D32C7B47240023B88C /* NewsTitleView.swift in Sources */,
				47A304D92C788B6800854303 /* DTOs.swift in Sources */,
				475981332C778B3A00C22FC5 /* BasicTabView.swift in Sources */,
				47A304DC2C79EE7000854303 /* NetworkManager.swift in Sources */,
				47A304E52C7A45F900854303 /* Models.swift in Sources */,
				4704F53C2C7C27F5007B63E7 /* Color.swift in Sources */,
				477347D52C7B877D0023B88C /* Constants.swift in Sources */,
				4704F53E2C7C57B1007B63E7 /* NewsContentView.swift in Sources */,
				477347CE2C7AF2200023B88C /* HeadlineViewModel.swift in Sources */,
				47A304D02C78869E00854303 /* Font+.swift in Sources */,
				47A304D32C78876500854303 /* HeadlineView.swift in Sources */,
				47A304D52C78877800854303 /* SearchView.swift in Sources */,
				475981302C778B2700C22FC5 /* SplashView.swift in Sources */,
				47BF69C12C7789E200AF8725 /* NewsAppApp.swift in Sources */,
				475981292C778ABD00C22FC5 /* secret.swift in Sources */,
				47A304D72C78879700854303 /* SourceView.swift in Sources */,
				47A304E32C7A442800854303 /* JSONDecoder+.swift in Sources */,
			);
			runOnlyForDeploymentPostprocessing = 0;
		};
		47BF69C92C7789E300AF8725 /* Sources */ = {
			isa = PBXSourcesBuildPhase;
			buildActionMask = 2147483647;
			files = (
				47BF69D22C7789E300AF8725 /* NewsAppTests.swift in Sources */,
			);
			runOnlyForDeploymentPostprocessing = 0;
		};
		47BF69D32C7789E300AF8725 /* Sources */ = {
			isa = PBXSourcesBuildPhase;
			buildActionMask = 2147483647;
			files = (
				47BF69DC2C7789E300AF8725 /* NewsAppUITests.swift in Sources */,
				47BF69DE2C7789E300AF8725 /* NewsAppUITestsLaunchTests.swift in Sources */,
			);
			runOnlyForDeploymentPostprocessing = 0;
		};
/* End PBXSourcesBuildPhase section */

/* Begin PBXTargetDependency section */
		47BF69CF2C7789E300AF8725 /* PBXTargetDependency */ = {
			isa = PBXTargetDependency;
			target = 47BF69BC2C7789E200AF8725 /* NewsApp */;
			targetProxy = 47BF69CE2C7789E300AF8725 /* PBXContainerItemProxy */;
		};
		47BF69D92C7789E300AF8725 /* PBXTargetDependency */ = {
			isa = PBXTargetDependency;
			target = 47BF69BC2C7789E200AF8725 /* NewsApp */;
			targetProxy = 47BF69D82C7789E300AF8725 /* PBXContainerItemProxy */;
		};
/* End PBXTargetDependency section */

/* Begin XCBuildConfiguration section */
		47BF69DF2C7789E300AF8725 /* Debug */ = {
			isa = XCBuildConfiguration;
			buildSettings = {
				ALWAYS_SEARCH_USER_PATHS = NO;
				ASSETCATALOG_COMPILER_GENERATE_SWIFT_ASSET_SYMBOL_EXTENSIONS = YES;
				CLANG_ANALYZER_NONNULL = YES;
				CLANG_ANALYZER_NUMBER_OBJECT_CONVERSION = YES_AGGRESSIVE;
				CLANG_CXX_LANGUAGE_STANDARD = "gnu++20";
				CLANG_ENABLE_MODULES = YES;
				CLANG_ENABLE_OBJC_ARC = YES;
				CLANG_ENABLE_OBJC_WEAK = YES;
				CLANG_WARN_BLOCK_CAPTURE_AUTORELEASING = YES;
				CLANG_WARN_BOOL_CONVERSION = YES;
				CLANG_WARN_COMMA = YES;
				CLANG_WARN_CONSTANT_CONVERSION = YES;
				CLANG_WARN_DEPRECATED_OBJC_IMPLEMENTATIONS = YES;
				CLANG_WARN_DIRECT_OBJC_ISA_USAGE = YES_ERROR;
				CLANG_WARN_DOCUMENTATION_COMMENTS = YES;
				CLANG_WARN_EMPTY_BODY = YES;
				CLANG_WARN_ENUM_CONVERSION = YES;
				CLANG_WARN_INFINITE_RECURSION = YES;
				CLANG_WARN_INT_CONVERSION = YES;
				CLANG_WARN_NON_LITERAL_NULL_CONVERSION = YES;
				CLANG_WARN_OBJC_IMPLICIT_RETAIN_SELF = YES;
				CLANG_WARN_OBJC_LITERAL_CONVERSION = YES;
				CLANG_WARN_OBJC_ROOT_CLASS = YES_ERROR;
				CLANG_WARN_QUOTED_INCLUDE_IN_FRAMEWORK_HEADER = YES;
				CLANG_WARN_RANGE_LOOP_ANALYSIS = YES;
				CLANG_WARN_STRICT_PROTOTYPES = YES;
				CLANG_WARN_SUSPICIOUS_MOVE = YES;
				CLANG_WARN_UNGUARDED_AVAILABILITY = YES_AGGRESSIVE;
				CLANG_WARN_UNREACHABLE_CODE = YES;
				CLANG_WARN__DUPLICATE_METHOD_MATCH = YES;
				COPY_PHASE_STRIP = NO;
				DEBUG_INFORMATION_FORMAT = dwarf;
				ENABLE_STRICT_OBJC_MSGSEND = YES;
				ENABLE_TESTABILITY = YES;
				ENABLE_USER_SCRIPT_SANDBOXING = YES;
				GCC_C_LANGUAGE_STANDARD = gnu17;
				GCC_DYNAMIC_NO_PIC = NO;
				GCC_NO_COMMON_BLOCKS = YES;
				GCC_OPTIMIZATION_LEVEL = 0;
				GCC_PREPROCESSOR_DEFINITIONS = (
					"DEBUG=1",
					"$(inherited)",
				);
				GCC_WARN_64_TO_32_BIT_CONVERSION = YES;
				GCC_WARN_ABOUT_RETURN_TYPE = YES_ERROR;
				GCC_WARN_UNDECLARED_SELECTOR = YES;
				GCC_WARN_UNINITIALIZED_AUTOS = YES_AGGRESSIVE;
				GCC_WARN_UNUSED_FUNCTION = YES;
				GCC_WARN_UNUSED_VARIABLE = YES;
				IPHONEOS_DEPLOYMENT_TARGET = 16.0;
				LOCALIZATION_PREFERS_STRING_CATALOGS = YES;
				MTL_ENABLE_DEBUG_INFO = INCLUDE_SOURCE;
				MTL_FAST_MATH = YES;
				ONLY_ACTIVE_ARCH = YES;
				SDKROOT = iphoneos;
				SWIFT_ACTIVE_COMPILATION_CONDITIONS = "DEBUG $(inherited)";
				SWIFT_OPTIMIZATION_LEVEL = "-Onone";
			};
			name = Debug;
		};
		47BF69E02C7789E300AF8725 /* Release */ = {
			isa = XCBuildConfiguration;
			buildSettings = {
				ALWAYS_SEARCH_USER_PATHS = NO;
				ASSETCATALOG_COMPILER_GENERATE_SWIFT_ASSET_SYMBOL_EXTENSIONS = YES;
				CLANG_ANALYZER_NONNULL = YES;
				CLANG_ANALYZER_NUMBER_OBJECT_CONVERSION = YES_AGGRESSIVE;
				CLANG_CXX_LANGUAGE_STANDARD = "gnu++20";
				CLANG_ENABLE_MODULES = YES;
				CLANG_ENABLE_OBJC_ARC = YES;
				CLANG_ENABLE_OBJC_WEAK = YES;
				CLANG_WARN_BLOCK_CAPTURE_AUTORELEASING = YES;
				CLANG_WARN_BOOL_CONVERSION = YES;
				CLANG_WARN_COMMA = YES;
				CLANG_WARN_CONSTANT_CONVERSION = YES;
				CLANG_WARN_DEPRECATED_OBJC_IMPLEMENTATIONS = YES;
				CLANG_WARN_DIRECT_OBJC_ISA_USAGE = YES_ERROR;
				CLANG_WARN_DOCUMENTATION_COMMENTS = YES;
				CLANG_WARN_EMPTY_BODY = YES;
				CLANG_WARN_ENUM_CONVERSION = YES;
				CLANG_WARN_INFINITE_RECURSION = YES;
				CLANG_WARN_INT_CONVERSION = YES;
				CLANG_WARN_NON_LITERAL_NULL_CONVERSION = YES;
				CLANG_WARN_OBJC_IMPLICIT_RETAIN_SELF = YES;
				CLANG_WARN_OBJC_LITERAL_CONVERSION = YES;
				CLANG_WARN_OBJC_ROOT_CLASS = YES_ERROR;
				CLANG_WARN_QUOTED_INCLUDE_IN_FRAMEWORK_HEADER = YES;
				CLANG_WARN_RANGE_LOOP_ANALYSIS = YES;
				CLANG_WARN_STRICT_PROTOTYPES = YES;
				CLANG_WARN_SUSPICIOUS_MOVE = YES;
				CLANG_WARN_UNGUARDED_AVAILABILITY = YES_AGGRESSIVE;
				CLANG_WARN_UNREACHABLE_CODE = YES;
				CLANG_WARN__DUPLICATE_METHOD_MATCH = YES;
				COPY_PHASE_STRIP = NO;
				DEBUG_INFORMATION_FORMAT = "dwarf-with-dsym";
				ENABLE_NS_ASSERTIONS = NO;
				ENABLE_STRICT_OBJC_MSGSEND = YES;
				ENABLE_USER_SCRIPT_SANDBOXING = YES;
				GCC_C_LANGUAGE_STANDARD = gnu17;
				GCC_NO_COMMON_BLOCKS = YES;
				GCC_WARN_64_TO_32_BIT_CONVERSION = YES;
				GCC_WARN_ABOUT_RETURN_TYPE = YES_ERROR;
				GCC_WARN_UNDECLARED_SELECTOR = YES;
				GCC_WARN_UNINITIALIZED_AUTOS = YES_AGGRESSIVE;
				GCC_WARN_UNUSED_FUNCTION = YES;
				GCC_WARN_UNUSED_VARIABLE = YES;
				IPHONEOS_DEPLOYMENT_TARGET = 16.0;
				LOCALIZATION_PREFERS_STRING_CATALOGS = YES;
				MTL_ENABLE_DEBUG_INFO = NO;
				MTL_FAST_MATH = YES;
				SDKROOT = iphoneos;
				SWIFT_COMPILATION_MODE = wholemodule;
				VALIDATE_PRODUCT = YES;
			};
			name = Release;
		};
		47BF69E22C7789E300AF8725 /* Debug */ = {
			isa = XCBuildConfiguration;
			buildSettings = {
				ASSETCATALOG_COMPILER_APPICON_NAME = AppIcon;
				ASSETCATALOG_COMPILER_GLOBAL_ACCENT_COLOR_NAME = AccentColor;
				CODE_SIGN_STYLE = Automatic;
				CURRENT_PROJECT_VERSION = 1;
				DEVELOPMENT_ASSET_PATHS = "\"NewsApp/Preview Content\"";
				DEVELOPMENT_TEAM = Q36FPN948C;
				ENABLE_PREVIEWS = YES;
				GENERATE_INFOPLIST_FILE = YES;
				INFOPLIST_FILE = NewsApp/Info.plist;
				INFOPLIST_KEY_UIApplicationSceneManifest_Generation = YES;
				INFOPLIST_KEY_UIApplicationSupportsIndirectInputEvents = YES;
				INFOPLIST_KEY_UILaunchScreen_Generation = YES;
				INFOPLIST_KEY_UISupportedInterfaceOrientations_iPad = "UIInterfaceOrientationPortrait UIInterfaceOrientationPortraitUpsideDown UIInterfaceOrientationLandscapeLeft UIInterfaceOrientationLandscapeRight";
				INFOPLIST_KEY_UISupportedInterfaceOrientations_iPhone = "UIInterfaceOrientationPortrait UIInterfaceOrientationLandscapeLeft UIInterfaceOrientationLandscapeRight";
				IPHONEOS_DEPLOYMENT_TARGET = 16.0;
				LD_RUNPATH_SEARCH_PATHS = (
					"$(inherited)",
					"@executable_path/Frameworks",
				);
				MARKETING_VERSION = 1.0;
				PRODUCT_BUNDLE_IDENTIFIER = com.blurfree.NewsApp;
				PRODUCT_NAME = "$(TARGET_NAME)";
				SWIFT_EMIT_LOC_STRINGS = YES;
				SWIFT_VERSION = 5.0;
				TARGETED_DEVICE_FAMILY = "1,2";
			};
			name = Debug;
		};
		47BF69E32C7789E300AF8725 /* Release */ = {
			isa = XCBuildConfiguration;
			buildSettings = {
				ASSETCATALOG_COMPILER_APPICON_NAME = AppIcon;
				ASSETCATALOG_COMPILER_GLOBAL_ACCENT_COLOR_NAME = AccentColor;
				CODE_SIGN_STYLE = Automatic;
				CURRENT_PROJECT_VERSION = 1;
				DEVELOPMENT_ASSET_PATHS = "\"NewsApp/Preview Content\"";
				DEVELOPMENT_TEAM = Q36FPN948C;
				ENABLE_PREVIEWS = YES;
				GENERATE_INFOPLIST_FILE = YES;
				INFOPLIST_FILE = NewsApp/Info.plist;
				INFOPLIST_KEY_UIApplicationSceneManifest_Generation = YES;
				INFOPLIST_KEY_UIApplicationSupportsIndirectInputEvents = YES;
				INFOPLIST_KEY_UILaunchScreen_Generation = YES;
				INFOPLIST_KEY_UISupportedInterfaceOrientations_iPad = "UIInterfaceOrientationPortrait UIInterfaceOrientationPortraitUpsideDown UIInterfaceOrientationLandscapeLeft UIInterfaceOrientationLandscapeRight";
				INFOPLIST_KEY_UISupportedInterfaceOrientations_iPhone = "UIInterfaceOrientationPortrait UIInterfaceOrientationLandscapeLeft UIInterfaceOrientationLandscapeRight";
				IPHONEOS_DEPLOYMENT_TARGET = 16.0;
				LD_RUNPATH_SEARCH_PATHS = (
					"$(inherited)",
					"@executable_path/Frameworks",
				);
				MARKETING_VERSION = 1.0;
				PRODUCT_BUNDLE_IDENTIFIER = com.blurfree.NewsApp;
				PRODUCT_NAME = "$(TARGET_NAME)";
				SWIFT_EMIT_LOC_STRINGS = YES;
				SWIFT_VERSION = 5.0;
				TARGETED_DEVICE_FAMILY = "1,2";
			};
			name = Release;
		};
		47BF69E52C7789E300AF8725 /* Debug */ = {
			isa = XCBuildConfiguration;
			buildSettings = {
				ALWAYS_EMBED_SWIFT_STANDARD_LIBRARIES = YES;
				BUNDLE_LOADER = "$(TEST_HOST)";
				CODE_SIGN_STYLE = Automatic;
				CURRENT_PROJECT_VERSION = 1;
				DEVELOPMENT_TEAM = Q36FPN948C;
				GENERATE_INFOPLIST_FILE = YES;
				IPHONEOS_DEPLOYMENT_TARGET = 17.5;
				MARKETING_VERSION = 1.0;
				PRODUCT_BUNDLE_IDENTIFIER = com.blurfree.NewsAppTests;
				PRODUCT_NAME = "$(TARGET_NAME)";
				SWIFT_EMIT_LOC_STRINGS = NO;
				SWIFT_VERSION = 5.0;
				TARGETED_DEVICE_FAMILY = "1,2";
				TEST_HOST = "$(BUILT_PRODUCTS_DIR)/NewsApp.app/$(BUNDLE_EXECUTABLE_FOLDER_PATH)/NewsApp";
			};
			name = Debug;
		};
		47BF69E62C7789E300AF8725 /* Release */ = {
			isa = XCBuildConfiguration;
			buildSettings = {
				ALWAYS_EMBED_SWIFT_STANDARD_LIBRARIES = YES;
				BUNDLE_LOADER = "$(TEST_HOST)";
				CODE_SIGN_STYLE = Automatic;
				CURRENT_PROJECT_VERSION = 1;
				DEVELOPMENT_TEAM = Q36FPN948C;
				GENERATE_INFOPLIST_FILE = YES;
				IPHONEOS_DEPLOYMENT_TARGET = 17.5;
				MARKETING_VERSION = 1.0;
				PRODUCT_BUNDLE_IDENTIFIER = com.blurfree.NewsAppTests;
				PRODUCT_NAME = "$(TARGET_NAME)";
				SWIFT_EMIT_LOC_STRINGS = NO;
				SWIFT_VERSION = 5.0;
				TARGETED_DEVICE_FAMILY = "1,2";
				TEST_HOST = "$(BUILT_PRODUCTS_DIR)/NewsApp.app/$(BUNDLE_EXECUTABLE_FOLDER_PATH)/NewsApp";
			};
			name = Release;
		};
		47BF69E82C7789E300AF8725 /* Debug */ = {
			isa = XCBuildConfiguration;
			buildSettings = {
				ALWAYS_EMBED_SWIFT_STANDARD_LIBRARIES = YES;
				CODE_SIGN_STYLE = Automatic;
				CURRENT_PROJECT_VERSION = 1;
				DEVELOPMENT_TEAM = Q36FPN948C;
				GENERATE_INFOPLIST_FILE = YES;
				MARKETING_VERSION = 1.0;
				PRODUCT_BUNDLE_IDENTIFIER = com.blurfree.NewsAppUITests;
				PRODUCT_NAME = "$(TARGET_NAME)";
				SWIFT_EMIT_LOC_STRINGS = NO;
				SWIFT_VERSION = 5.0;
				TARGETED_DEVICE_FAMILY = "1,2";
				TEST_TARGET_NAME = NewsApp;
			};
			name = Debug;
		};
		47BF69E92C7789E300AF8725 /* Release */ = {
			isa = XCBuildConfiguration;
			buildSettings = {
				ALWAYS_EMBED_SWIFT_STANDARD_LIBRARIES = YES;
				CODE_SIGN_STYLE = Automatic;
				CURRENT_PROJECT_VERSION = 1;
				DEVELOPMENT_TEAM = Q36FPN948C;
				GENERATE_INFOPLIST_FILE = YES;
				MARKETING_VERSION = 1.0;
				PRODUCT_BUNDLE_IDENTIFIER = com.blurfree.NewsAppUITests;
				PRODUCT_NAME = "$(TARGET_NAME)";
				SWIFT_EMIT_LOC_STRINGS = NO;
				SWIFT_VERSION = 5.0;
				TARGETED_DEVICE_FAMILY = "1,2";
				TEST_TARGET_NAME = NewsApp;
			};
			name = Release;
		};
/* End XCBuildConfiguration section */

/* Begin XCConfigurationList section */
		47BF69B82C7789E200AF8725 /* Build configuration list for PBXProject "NewsApp" */ = {
			isa = XCConfigurationList;
			buildConfigurations = (
				47BF69DF2C7789E300AF8725 /* Debug */,
				47BF69E02C7789E300AF8725 /* Release */,
			);
			defaultConfigurationIsVisible = 0;
			defaultConfigurationName = Release;
		};
		47BF69E12C7789E300AF8725 /* Build configuration list for PBXNativeTarget "NewsApp" */ = {
			isa = XCConfigurationList;
			buildConfigurations = (
				47BF69E22C7789E300AF8725 /* Debug */,
				47BF69E32C7789E300AF8725 /* Release */,
			);
			defaultConfigurationIsVisible = 0;
			defaultConfigurationName = Release;
		};
		47BF69E42C7789E300AF8725 /* Build configuration list for PBXNativeTarget "NewsAppTests" */ = {
			isa = XCConfigurationList;
			buildConfigurations = (
				47BF69E52C7789E300AF8725 /* Debug */,
				47BF69E62C7789E300AF8725 /* Release */,
			);
			defaultConfigurationIsVisible = 0;
			defaultConfigurationName = Release;
		};
		47BF69E72C7789E300AF8725 /* Build configuration list for PBXNativeTarget "NewsAppUITests" */ = {
			isa = XCConfigurationList;
			buildConfigurations = (
				47BF69E82C7789E300AF8725 /* Debug */,
				47BF69E92C7789E300AF8725 /* Release */,
			);
			defaultConfigurationIsVisible = 0;
			defaultConfigurationName = Release;
		};
/* End XCConfigurationList section */
	};
	rootObject = 47BF69B52C7789E200AF8725 /* Project object */;
}
